
Microsoft Visual Studio Solution File, Format Version 12.00
# Visual Studio Version 17
VisualStudioVersion = 17.7.34202.233
MinimumVisualStudioVersion = 10.0.40219.1
Project("{9A19103F-16F7-4668-BE54-9A1E7A4F7556}") = "VerhovskiyIvanKT-41-20", "VerhovskiyIvanKT-41-20\VerhovskiyIvanKT-41-20.csproj", "{A982A484-A73A-4EEF-8B17-2B97DF447C05}"
EndProject
Project("{FAE04EC0-301F-11D3-BF4B-00C04F79EFBC}") = "VerhovskiyIvanKT-41-20.Test", "VerhovskiyIvanKT-41-20.Test\VerhovskiyIvanKT-41-20.Test.csproj", "{B3186504-08B9-4B23-9888-DB94C326CAEA}"
EndProject
Global
	GlobalSection(SolutionConfigurationPlatforms) = preSolution
		Debug|Any CPU = Debug|Any CPU
		Release|Any CPU = Release|Any CPU
	EndGlobalSection
	GlobalSection(ProjectConfigurationPlatforms) = postSolution
		{A982A484-A73A-4EEF-8B17-2B97DF447C05}.Debug|Any CPU.ActiveCfg = Debug|Any CPU
		{A982A484-A73A-4EEF-8B17-2B97DF447C05}.Debug|Any CPU.Build.0 = Debug|Any CPU
		{A982A484-A73A-4EEF-8B17-2B97DF447C05}.Release|Any CPU.ActiveCfg = Release|Any CPU
		{A982A484-A73A-4EEF-8B17-2B97DF447C05}.Release|Any CPU.Build.0 = Release|Any CPU
		{B3186504-08B9-4B23-9888-DB94C326CAEA}.Debug|Any CPU.ActiveCfg = Debug|Any CPU
		{B3186504-08B9-4B23-9888-DB94C326CAEA}.Debug|Any CPU.Build.0 = Debug|Any CPU
		{B3186504-08B9-4B23-9888-DB94C326CAEA}.Release|Any CPU.ActiveCfg = Release|Any CPU
		{B3186504-08B9-4B23-9888-DB94C326CAEA}.Release|Any CPU.Build.0 = Release|Any CPU
	EndGlobalSection
	GlobalSection(SolutionProperties) = preSolution
		HideSolutionNode = FALSE
	EndGlobalSection
	GlobalSection(ExtensibilityGlobals) = postSolution
		SolutionGuid = {8EA11B15-3037-4A94-82A5-658FF5DA3F8E}
	EndGlobalSection
EndGlobal
